
Microsoft Visual Studio Solution File, Format Version 12.00
# Visual Studio Version 17
VisualStudioVersion = 17.9.34728.123
MinimumVisualStudioVersion = 10.0.40219.1
Project("{FAE04EC0-301F-11D3-BF4B-00C04F79EFBC}") = "SalaryPaySlip", "SalaryPaySlip\SalaryPaySlip.csproj", "{6EDCBDAD-D1DF-44DE-96A6-3D052A20C6EC}"
EndProject
Global
	GlobalSection(SolutionConfigurationPlatforms) = preSolution
		Debug|Any CPU = Debug|Any CPU
		Release|Any CPU = Release|Any CPU
	EndGlobalSection
	GlobalSection(ProjectConfigurationPlatforms) = postSolution
		{6EDCBDAD-D1DF-44DE-96A6-3D052A20C6EC}.Debug|Any CPU.ActiveCfg = Debug|Any CPU
		{6EDCBDAD-D1DF-44DE-96A6-3D052A20C6EC}.Debug|Any CPU.Build.0 = Debug|Any CPU
		{6EDCBDAD-D1DF-44DE-96A6-3D052A20C6EC}.Release|Any CPU.ActiveCfg = Release|Any CPU
		{6EDCBDAD-D1DF-44DE-96A6-3D052A20C6EC}.Release|Any CPU.Build.0 = Release|Any CPU
	EndGlobalSection
	GlobalSection(SolutionProperties) = preSolution
		HideSolutionNode = FALSE
	EndGlobalSection
	GlobalSection(ExtensibilityGlobals) = postSolution
		SolutionGuid = {17A97AB3-847A-41C3-B004-710070D1BBD1}
	EndGlobalSection
EndGlobal
